<?xml version="1.0" encoding="UTF-8" standalone="yes" ?>
<CodeBlocks_project_file>
	<FileVersion major="1" minor="6" />
	<Project>
		<Option title="MOO" />
		<Option pch_mode="2" />
		<Option compiler="gcc" />
		<Build>
			<Target title="Debug">
				<Option output="bin/Debug/MOO" prefix_auto="1" extension_auto="1" />
				<Option object_output="obj/Debug/" />
				<Option type="1" />
				<Option compiler="gcc" />
				<Compiler>
					<Add option="-g" />
				</Compiler>
			</Target>
			<Target title="Release">
				<Option output="bin/Release/MOO" prefix_auto="1" extension_auto="1" />
				<Option object_output="obj/Release/" />
				<Option type="1" />
				<Option compiler="gcc" />
				<Compiler>
					<Add option="-O2" />
				</Compiler>
				<Linker>
					<Add option="-s" />
				</Linker>
			</Target>
		</Build>
		<Compiler>
			<Add option="-Wall" />
			<Add directory="include" />
		</Compiler>
		<Linker>
			<Add library="lib/pdcurses.lib" />
		</Linker>
		<Unit filename="Agent.c">
			<Option compilerVar="CC" />
		</Unit>
		<Unit filename="Agent.h" />
		<Unit filename="AllocSimulation.c">
			<Option compilerVar="CC" />
		</Unit>
		<Unit filename="Classement.c">
			<Option compilerVar="CC" />
		</Unit>
		<Unit filename="Classement.h" />
		<Unit filename="Critere.c">
			<Option compilerVar="CC" />
		</Unit>
		<Unit filename="Critere.h" />
		<Unit filename="Fichiers.h" />
		<Unit filename="FonctionsFichiers/AjoutCritRef.c">
			<Option compilerVar="CC" />
		</Unit>
		<Unit filename="FonctionsFichiers/AjoutCritRef.h" />
		<Unit filename="FonctionsFichiers/EnregistrerAgent.c">
			<Option compilerVar="CC" />
		</Unit>
		<Unit filename="FonctionsFichiers/EnregistrerAgent.h" />
		<Unit filename="FonctionsFichiers/EnregistrerCrits.c">
			<Option compilerVar="CC" />
		</Unit>
		<Unit filename="FonctionsFichiers/EnregistrerCrits.h" />
		<Unit filename="FonctionsFichiers/EnregistrerMission.c">
			<Option compilerVar="CC" />
		</Unit>
		<Unit filename="FonctionsFichiers/EnregistrerMission.h" />
		<Unit filename="FonctionsFichiers/F_EnregistrerSimulation.c">
			<Option compilerVar="CC" />
		</Unit>
		<Unit filename="FonctionsFichiers/F_EnregistrerSimulation.h" />
		<Unit filename="FonctionsFichiers/InitialiserDossiers.c">
			<Option compilerVar="CC" />
		</Unit>
		<Unit filename="FonctionsFichiers/InitialiserDossiers.h" />
		<Unit filename="FonctionsFichiers/LoadAgent.c">
			<Option compilerVar="CC" />
		</Unit>
		<Unit filename="FonctionsFichiers/LoadAgent.h" />
		<Unit filename="FonctionsFichiers/LoadAllAgents.c">
			<Option compilerVar="CC" />
		</Unit>
		<Unit filename="FonctionsFichiers/LoadAllAgents.h" />
		<Unit filename="FonctionsFichiers/LoadAllMissions.c">
			<Option compilerVar="CC" />
		</Unit>
		<Unit filename="FonctionsFichiers/LoadAllMissions.h" />
		<Unit filename="FonctionsFichiers/LoadMission.c">
			<Option compilerVar="CC" />
		</Unit>
		<Unit filename="FonctionsFichiers/LoadMission.h" />
		<Unit filename="FonctionsFichiers/LoadTabCrits.c">
			<Option compilerVar="CC" />
		</Unit>
		<Unit filename="FonctionsFichiers/LoadTabCrits.h" />
		<Unit filename="FonctionsFichiers/RechercherCrit.c">
			<Option compilerVar="CC" />
		</Unit>
		<Unit filename="FonctionsFichiers/RechercherCrit.h" />
		<Unit filename="FonctionsFichiers/SuppTabCrits.c">
			<Option compilerVar="CC" />
		</Unit>
		<Unit filename="FonctionsFichiers/SuppTabCrits.h" />
		<Unit filename="FonctionsFichiers/SupprimerAgent.c">
			<Option compilerVar="CC" />
		</Unit>
		<Unit filename="FonctionsFichiers/SupprimerAgent.h" />
		<Unit filename="FonctionsFichiers/SupprimerCritRef.c">
			<Option compilerVar="CC" />
		</Unit>
		<Unit filename="FonctionsFichiers/SupprimerCritRef.h" />
		<Unit filename="FonctionsFichiers/rechercherBalise.c">
			<Option compilerVar="CC" />
		</Unit>
		<Unit filename="FonctionsFichiers/rechercherBalise.h" />
		<Unit filename="IHM.c">
			<Option compilerVar="CC" />
		</Unit>
		<Unit filename="IHM.h" />
		<Unit filename="LogoMOO.c">
			<Option compilerVar="CC" />
		</Unit>
		<Unit filename="LogoMOO.h" />
		<Unit filename="MemManager.c">
			<Option compilerVar="CC" />
		</Unit>
		<Unit filename="MemManager.h" />
		<Unit filename="Methode hongroise/cout.h" />
		<Unit filename="Methode hongroise/creer_matrice_couts.c">
			<Option compilerVar="CC" />
		</Unit>
		<Unit filename="Methode hongroise/creer_matrice_couts.h" />
		<Unit filename="Methode hongroise/estimation.c">
			<Option compilerVar="CC" />
		</Unit>
		<Unit filename="Methode hongroise/estimation.h" />
		<Unit filename="Methode hongroise/etape0.c">
			<Option compilerVar="CC" />
		</Unit>
		<Unit filename="Methode hongroise/etape0.h" />
		<Unit filename="Methode hongroise/etape1.c">
			<Option compilerVar="CC" />
		</Unit>
		<Unit filename="Methode hongroise/etape1.h" />
		<Unit filename="Methode hongroise/etape2.c">
			<Option compilerVar="CC" />
		</Unit>
		<Unit filename="Methode hongroise/etape2.h" />
		<Unit filename="Methode hongroise/etape3.c">
			<Option compilerVar="CC" />
		</Unit>
		<Unit filename="Methode hongroise/etape3.h" />
		<Unit filename="Methode hongroise/min_col.c">
			<Option compilerVar="CC" />
		</Unit>
		<Unit filename="Methode hongroise/min_col.h" />
		<Unit filename="Methode hongroise/min_ligne.c">
			<Option compilerVar="CC" />
		</Unit>
		<Unit filename="Methode hongroise/min_ligne.h" />
		<Unit filename="Methode hongroise/purger.c">
			<Option compilerVar="CC" />
		</Unit>
		<Unit filename="Methode hongroise/purger.h" />
		<Unit filename="Methode hongroise/runSimulation.c">
			<Option compilerVar="CC" />
		</Unit>
		<Unit filename="Methode hongroise/runSimulation.h" />
		<Unit filename="Methode hongroise/verifContinuer.c">
			<Option compilerVar="CC" />
		</Unit>
		<Unit filename="Methode hongroise/verifContinuer.h" />
		<Unit filename="Mission.c">
			<Option compilerVar="CC" />
		</Unit>
		<Unit filename="Mission.h" />
		<Unit filename="SuppSimulation.c">
			<Option compilerVar="CC" />
		</Unit>
		<Unit filename="include/curses.h" />
		<Unit filename="include/panel.h" />
		<Unit filename="main.c">
			<Option compilerVar="CC" />
		</Unit>
		<Unit filename="simulation.h" />
		<Extensions>
			<code_completion />
			<envvars />
			<debugger />
		</Extensions>
	</Project>
</CodeBlocks_project_file>
